
Microsoft Visual Studio Solution File, Format Version 12.00
# Visual Studio 15
VisualStudioVersion = 15.0.26124.0
MinimumVisualStudioVersion = 15.0.26124.0
Project("{2150E333-8FDC-42A3-9474-1A3956D46DE8}") = "src", "src", "{6D2D086F-F592-417C-AA19-CF49B5D55111}"
EndProject
Project("{FAE04EC0-301F-11D3-BF4B-00C04F79EFBC}") = "Api", "src\API\Api.csproj", "{CC17A40C-8132-4E72-9CEE-8BB89A074F21}"
EndProject
Project("{2150E333-8FDC-42A3-9474-1A3956D46DE8}") = "test", "test", "{43058491-772F-403B-8A3F-BA41FF0ABC9C}"
EndProject
Project("{FAE04EC0-301F-11D3-BF4B-00C04F79EFBC}") = "API.Test", "test\API.Test\API.Test.csproj", "{5B2D9D19-9062-4C68-9ECD-39F696C5F09C}"
EndProject
Global
	GlobalSection(SolutionConfigurationPlatforms) = preSolution
		Debug|Any CPU = Debug|Any CPU
		Debug|x64 = Debug|x64
		Debug|x86 = Debug|x86
		Release|Any CPU = Release|Any CPU
		Release|x64 = Release|x64
		Release|x86 = Release|x86
	EndGlobalSection
	GlobalSection(SolutionProperties) = preSolution
		HideSolutionNode = FALSE
	EndGlobalSection
	GlobalSection(ProjectConfigurationPlatforms) = postSolution
		{CC17A40C-8132-4E72-9CEE-8BB89A074F21}.Debug|Any CPU.ActiveCfg = Debug|Any CPU
		{CC17A40C-8132-4E72-9CEE-8BB89A074F21}.Debug|Any CPU.Build.0 = Debug|Any CPU
		{CC17A40C-8132-4E72-9CEE-8BB89A074F21}.Debug|x64.ActiveCfg = Debug|Any CPU
		{CC17A40C-8132-4E72-9CEE-8BB89A074F21}.Debug|x64.Build.0 = Debug|Any CPU
		{CC17A40C-8132-4E72-9CEE-8BB89A074F21}.Debug|x86.ActiveCfg = Debug|Any CPU
		{CC17A40C-8132-4E72-9CEE-8BB89A074F21}.Debug|x86.Build.0 = Debug|Any CPU
		{CC17A40C-8132-4E72-9CEE-8BB89A074F21}.Release|Any CPU.ActiveCfg = Release|Any CPU
		{CC17A40C-8132-4E72-9CEE-8BB89A074F21}.Release|Any CPU.Build.0 = Release|Any CPU
		{CC17A40C-8132-4E72-9CEE-8BB89A074F21}.Release|x64.ActiveCfg = Release|Any CPU
		{CC17A40C-8132-4E72-9CEE-8BB89A074F21}.Release|x64.Build.0 = Release|Any CPU
		{CC17A40C-8132-4E72-9CEE-8BB89A074F21}.Release|x86.ActiveCfg = Release|Any CPU
		{CC17A40C-8132-4E72-9CEE-8BB89A074F21}.Release|x86.Build.0 = Release|Any CPU
		{5B2D9D19-9062-4C68-9ECD-39F696C5F09C}.Debug|Any CPU.ActiveCfg = Debug|Any CPU
		{5B2D9D19-9062-4C68-9ECD-39F696C5F09C}.Debug|Any CPU.Build.0 = Debug|Any CPU
		{5B2D9D19-9062-4C68-9ECD-39F696C5F09C}.Debug|x64.ActiveCfg = Debug|Any CPU
		{5B2D9D19-9062-4C68-9ECD-39F696C5F09C}.Debug|x64.Build.0 = Debug|Any CPU
		{5B2D9D19-9062-4C68-9ECD-39F696C5F09C}.Debug|x86.ActiveCfg = Debug|Any CPU
		{5B2D9D19-9062-4C68-9ECD-39F696C5F09C}.Debug|x86.Build.0 = Debug|Any CPU
		{5B2D9D19-9062-4C68-9ECD-39F696C5F09C}.Release|Any CPU.ActiveCfg = Release|Any CPU
		{5B2D9D19-9062-4C68-9ECD-39F696C5F09C}.Release|Any CPU.Build.0 = Release|Any CPU
		{5B2D9D19-9062-4C68-9ECD-39F696C5F09C}.Release|x64.ActiveCfg = Release|Any CPU
		{5B2D9D19-9062-4C68-9ECD-39F696C5F09C}.Release|x64.Build.0 = Release|Any CPU
		{5B2D9D19-9062-4C68-9ECD-39F696C5F09C}.Release|x86.ActiveCfg = Release|Any CPU
		{5B2D9D19-9062-4C68-9ECD-39F696C5F09C}.Release|x86.Build.0 = Release|Any CPU
	EndGlobalSection
	GlobalSection(NestedProjects) = preSolution
		{CC17A40C-8132-4E72-9CEE-8BB89A074F21} = {6D2D086F-F592-417C-AA19-CF49B5D55111}
		{5B2D9D19-9062-4C68-9ECD-39F696C5F09C} = {43058491-772F-403B-8A3F-BA41FF0ABC9C}
	EndGlobalSection
EndGlobal
